
Microsoft Visual Studio Solution File, Format Version 12.00
# Visual Studio Version 16
VisualStudioVersion = 16.0.32802.440
MinimumVisualStudioVersion = 10.0.40219.1
Project("{FAE04EC0-301F-11D3-BF4B-00C04F79EFBC}") = "Kasir_Restaurant", "Kasir_Restaurant\Kasir_Restaurant.csproj", "{8675DC19-D8B6-4B9D-B6B7-B684C23A8FAE}"
EndProject
Global
	GlobalSection(SolutionConfigurationPlatforms) = preSolution
		Debug|Any CPU = Debug|Any CPU
		Release|Any CPU = Release|Any CPU
	EndGlobalSection
	GlobalSection(ProjectConfigurationPlatforms) = postSolution
		{8675DC19-D8B6-4B9D-B6B7-B684C23A8FAE}.Debug|Any CPU.ActiveCfg = Debug|Any CPU
		{8675DC19-D8B6-4B9D-B6B7-B684C23A8FAE}.Debug|Any CPU.Build.0 = Debug|Any CPU
		{8675DC19-D8B6-4B9D-B6B7-B684C23A8FAE}.Release|Any CPU.ActiveCfg = Release|Any CPU
		{8675DC19-D8B6-4B9D-B6B7-B684C23A8FAE}.Release|Any CPU.Build.0 = Release|Any CPU
	EndGlobalSection
	GlobalSection(SolutionProperties) = preSolution
		HideSolutionNode = FALSE
	EndGlobalSection
	GlobalSection(ExtensibilityGlobals) = postSolution
		SolutionGuid = {BBE900F3-91B6-4F10-BDBA-C30DCAD84C2C}
	EndGlobalSection
EndGlobal
